PODS:
  - Apollo (0.21.0):
    - Apollo/Core (= 0.21.0)
  - Apollo/Core (0.21.0)
  - SDWebImage (5.4.0):
    - SDWebImage/Core (= 5.4.0)
  - SDWebImage/Core (5.4.0)
  - SDWebImageSwiftUI (0.10.0):
    - SDWebImage (~> 5.3)
  - Swinject (2.7.1)
  - XCoordinator/Combine (2.0.6):
    - XCoordinator/Core
  - XCoordinator/Core (2.0.6)

DEPENDENCIES:
  - Apollo (~> 0.0)
  - SDWebImageSwiftUI (~> 0.0)
  - Swinject (~> 2.0)
  - XCoordinator/Combine (~> 2.0)

SPEC REPOS:
  trunk:
    - Apollo
    - SDWebImage
    - SDWebImageSwiftUI
    - Swinject
    - XCoordinator

SPEC CHECKSUMS:
  Apollo: 56a0aa81b744bf2810a8277e705f155c91ac9055
  SDWebImage: 5bf6aec6481ae2a062bdc59f9d6c1d1e552090e0
  SDWebImageSwiftUI: 56541a8970e6dfad07c48bd03bc411611c644d15
  Swinject: ddf78b8486dd9b71a667b852cad919ab4484478e
  XCoordinator: 67772bf463acec002a920ab5eb04f46835dcf123

PODFILE CHECKSUM: c18c7ab7988da410c2569f3adacb2401c78aaf2f

COCOAPODS: 1.8.4
